# This file is automatically @generated by Poetry 1.8.4 and should not be changed by hand.

[[package]]
name = "windows-curses"
version = "2.4.0"
description = "Support for the standard curses module on Windows"
optional = false
python-versions = "*"
files = [
    {file = "windows_curses-2.4.0-cp312-cp312-win_amd64.whl", hash = "sha256:f50d02833a7e7866b9f42d62febbdf83c6703575240e9bbdd1446d09d70505d3"},
]

[package.source]
type = "url"
url = "https://files.pythonhosted.org/packages/07/fc/5faaef1ec5921953cc7c87ff60a5af751769cb996caab828ceb21f13ee95/windows_curses-2.4.0-cp312-cp312-win_amd64.whl"

[metadata]
lock-version = "2.0"
python-versions = "^3.12"
content-hash = "dbda5590ce162db9334df61a693f30f5bab2f7459bb4b3407faffb2fe5b629e4"
